
Microsoft Visual Studio Solution File, Format Version 12.00
# Visual Studio Version 16
VisualStudioVersion = 16.0.31424.327
MinimumVisualStudioVersion = 10.0.40219.1
Project("{FAE04EC0-301F-11D3-BF4B-00C04F79EFBC}") = "Constructor-Assignment", "Constructor-Assignment\Constructor-Assignment.csproj", "{C85BABD9-46DE-4228-A5E7-1D70C6791066}"
EndProject
Global
	GlobalSection(SolutionConfigurationPlatforms) = preSolution
		Debug|Any CPU = Debug|Any CPU
		Release|Any CPU = Release|Any CPU
	EndGlobalSection
	GlobalSection(ProjectConfigurationPlatforms) = postSolution
		{C85BABD9-46DE-4228-A5E7-1D70C6791066}.Debug|Any CPU.ActiveCfg = Debug|Any CPU
		{C85BABD9-46DE-4228-A5E7-1D70C6791066}.Debug|Any CPU.Build.0 = Debug|Any CPU
		{C85BABD9-46DE-4228-A5E7-1D70C6791066}.Release|Any CPU.ActiveCfg = Release|Any CPU
		{C85BABD9-46DE-4228-A5E7-1D70C6791066}.Release|Any CPU.Build.0 = Release|Any CPU
	EndGlobalSection
	GlobalSection(SolutionProperties) = preSolution
		HideSolutionNode = FALSE
	EndGlobalSection
	GlobalSection(ExtensibilityGlobals) = postSolution
		SolutionGuid = {4E4C806A-9618-4F1F-89EC-BFBA171ADED5}
	EndGlobalSection
EndGlobal
