
Microsoft Visual Studio Solution File, Format Version 12.00
# Visual Studio Version 16
VisualStudioVersion = 16.0.31424.327
MinimumVisualStudioVersion = 10.0.40219.1
Project("{FAE04EC0-301F-11D3-BF4B-00C04F79EFBC}") = "String-Assignment", "String-Assignment\String-Assignment.csproj", "{5180832C-CFFD-407D-978D-B5BA729776DF}"
EndProject
Global
	GlobalSection(SolutionConfigurationPlatforms) = preSolution
		Debug|Any CPU = Debug|Any CPU
		Release|Any CPU = Release|Any CPU
	EndGlobalSection
	GlobalSection(ProjectConfigurationPlatforms) = postSolution
		{5180832C-CFFD-407D-978D-B5BA729776DF}.Debug|Any CPU.ActiveCfg = Debug|Any CPU
		{5180832C-CFFD-407D-978D-B5BA729776DF}.Debug|Any CPU.Build.0 = Debug|Any CPU
		{5180832C-CFFD-407D-978D-B5BA729776DF}.Release|Any CPU.ActiveCfg = Release|Any CPU
		{5180832C-CFFD-407D-978D-B5BA729776DF}.Release|Any CPU.Build.0 = Release|Any CPU
	EndGlobalSection
	GlobalSection(SolutionProperties) = preSolution
		HideSolutionNode = FALSE
	EndGlobalSection
	GlobalSection(ExtensibilityGlobals) = postSolution
		SolutionGuid = {D056E5BA-7144-4681-84CE-88CD12502ED8}
	EndGlobalSection
EndGlobal
