
Microsoft Visual Studio Solution File, Format Version 12.00
# Visual Studio Version 16
VisualStudioVersion = 16.0.31424.327
MinimumVisualStudioVersion = 10.0.40219.1
Project("{FAE04EC0-301F-11D3-BF4B-00C04F79EFBC}") = "Exception_Handling_Assignment", "Exception_Handling_Assignment\Exception_Handling_Assignment.csproj", "{6ADE7463-B73F-4EFC-9B7D-805F360CF349}"
EndProject
Global
	GlobalSection(SolutionConfigurationPlatforms) = preSolution
		Debug|Any CPU = Debug|Any CPU
		Release|Any CPU = Release|Any CPU
	EndGlobalSection
	GlobalSection(ProjectConfigurationPlatforms) = postSolution
		{6ADE7463-B73F-4EFC-9B7D-805F360CF349}.Debug|Any CPU.ActiveCfg = Debug|Any CPU
		{6ADE7463-B73F-4EFC-9B7D-805F360CF349}.Debug|Any CPU.Build.0 = Debug|Any CPU
		{6ADE7463-B73F-4EFC-9B7D-805F360CF349}.Release|Any CPU.ActiveCfg = Release|Any CPU
		{6ADE7463-B73F-4EFC-9B7D-805F360CF349}.Release|Any CPU.Build.0 = Release|Any CPU
	EndGlobalSection
	GlobalSection(SolutionProperties) = preSolution
		HideSolutionNode = FALSE
	EndGlobalSection
	GlobalSection(ExtensibilityGlobals) = postSolution
		SolutionGuid = {60792280-D20B-4F7B-8A10-B421F4378386}
	EndGlobalSection
EndGlobal
