
Microsoft Visual Studio Solution File, Format Version 12.00
# Visual Studio Version 16
VisualStudioVersion = 16.0.31424.327
MinimumVisualStudioVersion = 10.0.40219.1
Project("{FAE04EC0-301F-11D3-BF4B-00C04F79EFBC}") = "Car-Insurance-Approval-Program", "Car-Insurance-Approval-Program\Car-Insurance-Approval-Program.csproj", "{06C561F2-FD4B-492E-91A3-D13237752BDD}"
EndProject
Global
	GlobalSection(SolutionConfigurationPlatforms) = preSolution
		Debug|Any CPU = Debug|Any CPU
		Release|Any CPU = Release|Any CPU
	EndGlobalSection
	GlobalSection(ProjectConfigurationPlatforms) = postSolution
		{06C561F2-FD4B-492E-91A3-D13237752BDD}.Debug|Any CPU.ActiveCfg = Debug|Any CPU
		{06C561F2-FD4B-492E-91A3-D13237752BDD}.Debug|Any CPU.Build.0 = Debug|Any CPU
		{06C561F2-FD4B-492E-91A3-D13237752BDD}.Release|Any CPU.ActiveCfg = Release|Any CPU
		{06C561F2-FD4B-492E-91A3-D13237752BDD}.Release|Any CPU.Build.0 = Release|Any CPU
	EndGlobalSection
	GlobalSection(SolutionProperties) = preSolution
		HideSolutionNode = FALSE
	EndGlobalSection
	GlobalSection(ExtensibilityGlobals) = postSolution
		SolutionGuid = {5E884C7F-CE5C-4467-8020-E17C3925CB3E}
	EndGlobalSection
EndGlobal
