
Microsoft Visual Studio Solution File, Format Version 12.00
# Visual Studio Version 16
VisualStudioVersion = 16.0.31424.327
MinimumVisualStudioVersion = 10.0.40219.1
Project("{FAE04EC0-301F-11D3-BF4B-00C04F79EFBC}") = "Abstract-Class-Assignment", "Abstract-Class-Assignment\Abstract-Class-Assignment.csproj", "{DCC79278-572B-456F-B9DA-D7F19EB2FB07}"
EndProject
Global
	GlobalSection(SolutionConfigurationPlatforms) = preSolution
		Debug|Any CPU = Debug|Any CPU
		Release|Any CPU = Release|Any CPU
	EndGlobalSection
	GlobalSection(ProjectConfigurationPlatforms) = postSolution
		{DCC79278-572B-456F-B9DA-D7F19EB2FB07}.Debug|Any CPU.ActiveCfg = Debug|Any CPU
		{DCC79278-572B-456F-B9DA-D7F19EB2FB07}.Debug|Any CPU.Build.0 = Debug|Any CPU
		{DCC79278-572B-456F-B9DA-D7F19EB2FB07}.Release|Any CPU.ActiveCfg = Release|Any CPU
		{DCC79278-572B-456F-B9DA-D7F19EB2FB07}.Release|Any CPU.Build.0 = Release|Any CPU
	EndGlobalSection
	GlobalSection(SolutionProperties) = preSolution
		HideSolutionNode = FALSE
	EndGlobalSection
	GlobalSection(ExtensibilityGlobals) = postSolution
		SolutionGuid = {0007E868-820C-4A28-AAAD-EA0E243B42E8}
	EndGlobalSection
EndGlobal
