
Microsoft Visual Studio Solution File, Format Version 12.00
# Visual Studio Version 16
VisualStudioVersion = 16.0.31424.327
MinimumVisualStudioVersion = 10.0.40219.1
Project("{FAE04EC0-301F-11D3-BF4B-00C04F79EFBC}") = "DateTime_Assignment", "DateTime_Assignment\DateTime_Assignment.csproj", "{3E40C4D1-357B-4431-BE3A-6F7753B0B3B0}"
EndProject
Global
	GlobalSection(SolutionConfigurationPlatforms) = preSolution
		Debug|Any CPU = Debug|Any CPU
		Release|Any CPU = Release|Any CPU
	EndGlobalSection
	GlobalSection(ProjectConfigurationPlatforms) = postSolution
		{3E40C4D1-357B-4431-BE3A-6F7753B0B3B0}.Debug|Any CPU.ActiveCfg = Debug|Any CPU
		{3E40C4D1-357B-4431-BE3A-6F7753B0B3B0}.Debug|Any CPU.Build.0 = Debug|Any CPU
		{3E40C4D1-357B-4431-BE3A-6F7753B0B3B0}.Release|Any CPU.ActiveCfg = Release|Any CPU
		{3E40C4D1-357B-4431-BE3A-6F7753B0B3B0}.Release|Any CPU.Build.0 = Release|Any CPU
	EndGlobalSection
	GlobalSection(SolutionProperties) = preSolution
		HideSolutionNode = FALSE
	EndGlobalSection
	GlobalSection(ExtensibilityGlobals) = postSolution
		SolutionGuid = {5967AB13-4D57-42D6-8DBA-57013EB71379}
	EndGlobalSection
EndGlobal
