
Microsoft Visual Studio Solution File, Format Version 12.00
# Visual Studio Version 16
VisualStudioVersion = 16.0.31424.327
MinimumVisualStudioVersion = 10.0.40219.1
Project("{FAE04EC0-301F-11D3-BF4B-00C04F79EFBC}") = "Array-Assignment", "Array-Assignment\Array-Assignment.csproj", "{8B7C73CE-5842-440A-B660-5F80CCC7CC0E}"
EndProject
Global
	GlobalSection(SolutionConfigurationPlatforms) = preSolution
		Debug|Any CPU = Debug|Any CPU
		Release|Any CPU = Release|Any CPU
	EndGlobalSection
	GlobalSection(ProjectConfigurationPlatforms) = postSolution
		{8B7C73CE-5842-440A-B660-5F80CCC7CC0E}.Debug|Any CPU.ActiveCfg = Debug|Any CPU
		{8B7C73CE-5842-440A-B660-5F80CCC7CC0E}.Debug|Any CPU.Build.0 = Debug|Any CPU
		{8B7C73CE-5842-440A-B660-5F80CCC7CC0E}.Release|Any CPU.ActiveCfg = Release|Any CPU
		{8B7C73CE-5842-440A-B660-5F80CCC7CC0E}.Release|Any CPU.Build.0 = Release|Any CPU
	EndGlobalSection
	GlobalSection(SolutionProperties) = preSolution
		HideSolutionNode = FALSE
	EndGlobalSection
	GlobalSection(ExtensibilityGlobals) = postSolution
		SolutionGuid = {DFEF2A4F-F87C-49A1-BE86-0D5086E6B23E}
	EndGlobalSection
EndGlobal
